
Microsoft Visual Studio Solution File, Format Version 12.00
# Visual Studio Version 16
VisualStudioVersion = 16.0.30011.22
MinimumVisualStudioVersion = 10.0.40219.1
Project("{FAE04EC0-301F-11D3-BF4B-00C04F79EFBC}") = "CourseWork", "CourseWork\CourseWork.csproj", "{E258FD2A-E534-422C-84B5-6B5C31B81D58}"
EndProject
Project("{9A19103F-16F7-4668-BE54-9A1E7A4F7556}") = "Fractions", "..\Simple_fractions\Fractions.csproj", "{9E374F1D-43DC-4E4E-B5FE-3145B1214818}"
EndProject
Global
	GlobalSection(SolutionConfigurationPlatforms) = preSolution
		Debug|Any CPU = Debug|Any CPU
		Release|Any CPU = Release|Any CPU
	EndGlobalSection
	GlobalSection(ProjectConfigurationPlatforms) = postSolution
		{E258FD2A-E534-422C-84B5-6B5C31B81D58}.Debug|Any CPU.ActiveCfg = Debug|Any CPU
		{E258FD2A-E534-422C-84B5-6B5C31B81D58}.Debug|Any CPU.Build.0 = Debug|Any CPU
		{E258FD2A-E534-422C-84B5-6B5C31B81D58}.Release|Any CPU.ActiveCfg = Release|Any CPU
		{E258FD2A-E534-422C-84B5-6B5C31B81D58}.Release|Any CPU.Build.0 = Release|Any CPU
		{9E374F1D-43DC-4E4E-B5FE-3145B1214818}.Debug|Any CPU.ActiveCfg = Debug|Any CPU
		{9E374F1D-43DC-4E4E-B5FE-3145B1214818}.Debug|Any CPU.Build.0 = Debug|Any CPU
		{9E374F1D-43DC-4E4E-B5FE-3145B1214818}.Release|Any CPU.ActiveCfg = Release|Any CPU
		{9E374F1D-43DC-4E4E-B5FE-3145B1214818}.Release|Any CPU.Build.0 = Release|Any CPU
	EndGlobalSection
	GlobalSection(SolutionProperties) = preSolution
		HideSolutionNode = FALSE
	EndGlobalSection
	GlobalSection(ExtensibilityGlobals) = postSolution
		SolutionGuid = {F47CBA5E-FB03-4AB3-ACE5-ABD67333AE8E}
	EndGlobalSection
EndGlobal
