
Microsoft Visual Studio Solution File, Format Version 12.00
# Visual Studio Version 16
VisualStudioVersion = 16.0.29519.181
MinimumVisualStudioVersion = 10.0.40219.1
Project("{9A19103F-16F7-4668-BE54-9A1E7A4F7556}") = "lab1_Jordan-Gauss_Method", "lab1_Jordan-Gauss_Method.csproj", "{BB379E40-1220-49BB-B10E-7C26D20CA1E8}"
EndProject
Project("{9A19103F-16F7-4668-BE54-9A1E7A4F7556}") = "Fractions", "..\Simple_fractions\Fractions.csproj", "{248366B9-12B1-4F55-8367-2DB9F4E58889}"
EndProject
Global
	GlobalSection(SolutionConfigurationPlatforms) = preSolution
		Debug|Any CPU = Debug|Any CPU
		Release|Any CPU = Release|Any CPU
	EndGlobalSection
	GlobalSection(ProjectConfigurationPlatforms) = postSolution
		{BB379E40-1220-49BB-B10E-7C26D20CA1E8}.Debug|Any CPU.ActiveCfg = Debug|Any CPU
		{BB379E40-1220-49BB-B10E-7C26D20CA1E8}.Debug|Any CPU.Build.0 = Debug|Any CPU
		{BB379E40-1220-49BB-B10E-7C26D20CA1E8}.Release|Any CPU.ActiveCfg = Release|Any CPU
		{BB379E40-1220-49BB-B10E-7C26D20CA1E8}.Release|Any CPU.Build.0 = Release|Any CPU
		{248366B9-12B1-4F55-8367-2DB9F4E58889}.Debug|Any CPU.ActiveCfg = Debug|Any CPU
		{248366B9-12B1-4F55-8367-2DB9F4E58889}.Debug|Any CPU.Build.0 = Debug|Any CPU
		{248366B9-12B1-4F55-8367-2DB9F4E58889}.Release|Any CPU.ActiveCfg = Release|Any CPU
		{248366B9-12B1-4F55-8367-2DB9F4E58889}.Release|Any CPU.Build.0 = Release|Any CPU
	EndGlobalSection
	GlobalSection(SolutionProperties) = preSolution
		HideSolutionNode = FALSE
	EndGlobalSection
	GlobalSection(ExtensibilityGlobals) = postSolution
		SolutionGuid = {892963BE-3259-4721-AF12-67875627F413}
	EndGlobalSection
EndGlobal
